
Microsoft Visual Studio Solution File, Format Version 12.00
# Visual Studio Version 17
VisualStudioVersion = 17.6.33829.357
MinimumVisualStudioVersion = 10.0.40219.1
Project("{FAE04EC0-301F-11D3-BF4B-00C04F79EFBC}") = "ManagementService", "ManagementService\ManagementService.csproj", "{7137A9AC-EB52-49BC-A0B7-132DEA54157E}"
EndProject
Global
	GlobalSection(SolutionConfigurationPlatforms) = preSolution
		Debug|Any CPU = Debug|Any CPU
		Release|Any CPU = Release|Any CPU
	EndGlobalSection
	GlobalSection(ProjectConfigurationPlatforms) = postSolution
		{7137A9AC-EB52-49BC-A0B7-132DEA54157E}.Debug|Any CPU.ActiveCfg = Debug|Any CPU
		{7137A9AC-EB52-49BC-A0B7-132DEA54157E}.Debug|Any CPU.Build.0 = Debug|Any CPU
		{7137A9AC-EB52-49BC-A0B7-132DEA54157E}.Release|Any CPU.ActiveCfg = Release|Any CPU
		{7137A9AC-EB52-49BC-A0B7-132DEA54157E}.Release|Any CPU.Build.0 = Release|Any CPU
	EndGlobalSection
	GlobalSection(SolutionProperties) = preSolution
		HideSolutionNode = FALSE
	EndGlobalSection
	GlobalSection(ExtensibilityGlobals) = postSolution
		SolutionGuid = {DFFA0956-FD22-4BC0-B66B-88576E5946BC}
	EndGlobalSection
EndGlobal
