
Microsoft Visual Studio Solution File, Format Version 12.00
# Visual Studio Version 17
VisualStudioVersion = 17.6.33829.357
MinimumVisualStudioVersion = 10.0.40219.1
Project("{9A19103F-16F7-4668-BE54-9A1E7A4F7556}") = "ManagementService", "ManagementService\ManagementService.csproj", "{7137A9AC-EB52-49BC-A0B7-132DEA54157E}"
EndProject
Project("{2150E333-8FDC-42A3-9474-1A3956D46DE8}") = "Protos", "Protos", "{D3511CA1-8DBB-4E64-A238-18A29308200E}"
	ProjectSection(SolutionItems) = preProject
		Protos\burger.proto = Protos\burger.proto
		Protos\hello.proto = Protos\hello.proto
	EndProjectSection
EndProject
Project("{9A19103F-16F7-4668-BE54-9A1E7A4F7556}") = "Client", "Client\Client.csproj", "{9AD612DA-2224-4FA1-B0D9-E285162A6162}"
EndProject
Global
	GlobalSection(SolutionConfigurationPlatforms) = preSolution
		Debug|Any CPU = Debug|Any CPU
		Release|Any CPU = Release|Any CPU
	EndGlobalSection
	GlobalSection(ProjectConfigurationPlatforms) = postSolution
		{7137A9AC-EB52-49BC-A0B7-132DEA54157E}.Debug|Any CPU.ActiveCfg = Debug|Any CPU
		{7137A9AC-EB52-49BC-A0B7-132DEA54157E}.Debug|Any CPU.Build.0 = Debug|Any CPU
		{7137A9AC-EB52-49BC-A0B7-132DEA54157E}.Release|Any CPU.ActiveCfg = Release|Any CPU
		{7137A9AC-EB52-49BC-A0B7-132DEA54157E}.Release|Any CPU.Build.0 = Release|Any CPU
		{9AD612DA-2224-4FA1-B0D9-E285162A6162}.Debug|Any CPU.ActiveCfg = Debug|Any CPU
		{9AD612DA-2224-4FA1-B0D9-E285162A6162}.Debug|Any CPU.Build.0 = Debug|Any CPU
		{9AD612DA-2224-4FA1-B0D9-E285162A6162}.Release|Any CPU.ActiveCfg = Release|Any CPU
		{9AD612DA-2224-4FA1-B0D9-E285162A6162}.Release|Any CPU.Build.0 = Release|Any CPU
	EndGlobalSection
	GlobalSection(SolutionProperties) = preSolution
		HideSolutionNode = FALSE
	EndGlobalSection
	GlobalSection(ExtensibilityGlobals) = postSolution
		SolutionGuid = {DFFA0956-FD22-4BC0-B66B-88576E5946BC}
	EndGlobalSection
EndGlobal
